
Microsoft Visual Studio Solution File, Format Version 12.00
# Visual Studio Version 17
VisualStudioVersion = 17.10.35013.160
MinimumVisualStudioVersion = 10.0.40219.1
Project("{FAE04EC0-301F-11D3-BF4B-00C04F79EFBC}") = "PlemionaApplication", "PlemionaApplication.csproj", "{14251798-B5AA-4033-AED7-86F742461266}"
EndProject
Global
	GlobalSection(SolutionConfigurationPlatforms) = preSolution
		Debug|Any CPU = Debug|Any CPU
		Release|Any CPU = Release|Any CPU
	EndGlobalSection
	GlobalSection(ProjectConfigurationPlatforms) = postSolution
		{14251798-B5AA-4033-AED7-86F742461266}.Debug|Any CPU.ActiveCfg = Debug|Any CPU
		{14251798-B5AA-4033-AED7-86F742461266}.Debug|Any CPU.Build.0 = Debug|Any CPU
		{14251798-B5AA-4033-AED7-86F742461266}.Release|Any CPU.ActiveCfg = Release|Any CPU
		{14251798-B5AA-4033-AED7-86F742461266}.Release|Any CPU.Build.0 = Release|Any CPU
	EndGlobalSection
	GlobalSection(SolutionProperties) = preSolution
		HideSolutionNode = FALSE
	EndGlobalSection
	GlobalSection(ExtensibilityGlobals) = postSolution
		SolutionGuid = {C7135D29-A60D-423B-B5D2-52BC6A12E193}
	EndGlobalSection
EndGlobal
